
Microsoft Visual Studio Solution File, Format Version 12.00
# Visual Studio 15
Project("{FAE04EC0-301F-11D3-BF4B-00C04F79EFBC}") = "secretsecret.Android", "secretsecret.Android\secretsecret.Android.csproj", "{4D13CA37-B7FE-48EC-8D28-13728B92D326}"
EndProject
Project("{FAE04EC0-301F-11D3-BF4B-00C04F79EFBC}") = "secretsecret.iOS", "secretsecret.iOS\secretsecret.iOS.csproj", "{AC0E4FAD-0C15-4ED6-93FE-6431FA07C6EA}"
EndProject
Project("{FAE04EC0-301F-11D3-BF4B-00C04F79EFBC}") = "secretsecret.UITests", "secretsecret.UITests\secretsecret.UITests.csproj", "{6AB4A21D-6E54-4543-A05B-21A4F6B3EE86}"
EndProject
Project("{FAE04EC0-301F-11D3-BF4B-00C04F79EFBC}") = "secretsecret", "secretsecret\secretsecret.csproj", "{3E3CBABC-7EB4-4F5E-89AA-CCF1FAE42ADA}"
EndProject
Global
	GlobalSection(SolutionConfigurationPlatforms) = preSolution
		Debug|Any CPU = Debug|Any CPU
		Release|Any CPU = Release|Any CPU
		Debug|iPhoneSimulator = Debug|iPhoneSimulator
		Release|iPhoneSimulator = Release|iPhoneSimulator
		Debug|iPhone = Debug|iPhone
		Release|iPhone = Release|iPhone
	EndGlobalSection
	GlobalSection(ProjectConfigurationPlatforms) = postSolution
		{4D13CA37-B7FE-48EC-8D28-13728B92D326}.Debug|Any CPU.ActiveCfg = Debug|Any CPU
		{4D13CA37-B7FE-48EC-8D28-13728B92D326}.Debug|Any CPU.Build.0 = Debug|Any CPU
		{4D13CA37-B7FE-48EC-8D28-13728B92D326}.Release|Any CPU.ActiveCfg = Release|Any CPU
		{4D13CA37-B7FE-48EC-8D28-13728B92D326}.Release|Any CPU.Build.0 = Release|Any CPU
		{4D13CA37-B7FE-48EC-8D28-13728B92D326}.Debug|iPhoneSimulator.ActiveCfg = Debug|Any CPU
		{4D13CA37-B7FE-48EC-8D28-13728B92D326}.Debug|iPhoneSimulator.Build.0 = Debug|Any CPU
		{4D13CA37-B7FE-48EC-8D28-13728B92D326}.Release|iPhoneSimulator.ActiveCfg = Release|Any CPU
		{4D13CA37-B7FE-48EC-8D28-13728B92D326}.Release|iPhoneSimulator.Build.0 = Release|Any CPU
		{4D13CA37-B7FE-48EC-8D28-13728B92D326}.Debug|iPhone.ActiveCfg = Debug|Any CPU
		{4D13CA37-B7FE-48EC-8D28-13728B92D326}.Debug|iPhone.Build.0 = Debug|Any CPU
		{4D13CA37-B7FE-48EC-8D28-13728B92D326}.Release|iPhone.ActiveCfg = Release|Any CPU
		{4D13CA37-B7FE-48EC-8D28-13728B92D326}.Release|iPhone.Build.0 = Release|Any CPU
		{AC0E4FAD-0C15-4ED6-93FE-6431FA07C6EA}.Debug|Any CPU.ActiveCfg = Debug|iPhoneSimulator
		{AC0E4FAD-0C15-4ED6-93FE-6431FA07C6EA}.Debug|Any CPU.Build.0 = Debug|iPhoneSimulator
		{AC0E4FAD-0C15-4ED6-93FE-6431FA07C6EA}.Release|Any CPU.ActiveCfg = Release|iPhoneSimulator
		{AC0E4FAD-0C15-4ED6-93FE-6431FA07C6EA}.Release|Any CPU.Build.0 = Release|iPhoneSimulator
		{AC0E4FAD-0C15-4ED6-93FE-6431FA07C6EA}.Debug|iPhoneSimulator.ActiveCfg = Debug|iPhoneSimulator
		{AC0E4FAD-0C15-4ED6-93FE-6431FA07C6EA}.Debug|iPhoneSimulator.Build.0 = Debug|iPhoneSimulator
		{AC0E4FAD-0C15-4ED6-93FE-6431FA07C6EA}.Release|iPhoneSimulator.ActiveCfg = Release|iPhoneSimulator
		{AC0E4FAD-0C15-4ED6-93FE-6431FA07C6EA}.Release|iPhoneSimulator.Build.0 = Release|iPhoneSimulator
		{AC0E4FAD-0C15-4ED6-93FE-6431FA07C6EA}.Debug|iPhone.ActiveCfg = Debug|iPhone
		{AC0E4FAD-0C15-4ED6-93FE-6431FA07C6EA}.Debug|iPhone.Build.0 = Debug|iPhone
		{AC0E4FAD-0C15-4ED6-93FE-6431FA07C6EA}.Release|iPhone.ActiveCfg = Release|iPhone
		{AC0E4FAD-0C15-4ED6-93FE-6431FA07C6EA}.Release|iPhone.Build.0 = Release|iPhone
		{6AB4A21D-6E54-4543-A05B-21A4F6B3EE86}.Debug|Any CPU.ActiveCfg = Debug|Any CPU
		{6AB4A21D-6E54-4543-A05B-21A4F6B3EE86}.Debug|Any CPU.Build.0 = Debug|Any CPU
		{6AB4A21D-6E54-4543-A05B-21A4F6B3EE86}.Release|Any CPU.ActiveCfg = Release|Any CPU
		{6AB4A21D-6E54-4543-A05B-21A4F6B3EE86}.Release|Any CPU.Build.0 = Release|Any CPU
		{6AB4A21D-6E54-4543-A05B-21A4F6B3EE86}.Debug|iPhoneSimulator.ActiveCfg = Debug|Any CPU
		{6AB4A21D-6E54-4543-A05B-21A4F6B3EE86}.Debug|iPhoneSimulator.Build.0 = Debug|Any CPU
		{6AB4A21D-6E54-4543-A05B-21A4F6B3EE86}.Release|iPhoneSimulator.ActiveCfg = Release|Any CPU
		{6AB4A21D-6E54-4543-A05B-21A4F6B3EE86}.Release|iPhoneSimulator.Build.0 = Release|Any CPU
		{6AB4A21D-6E54-4543-A05B-21A4F6B3EE86}.Debug|iPhone.ActiveCfg = Debug|Any CPU
		{6AB4A21D-6E54-4543-A05B-21A4F6B3EE86}.Debug|iPhone.Build.0 = Debug|Any CPU
		{6AB4A21D-6E54-4543-A05B-21A4F6B3EE86}.Release|iPhone.ActiveCfg = Release|Any CPU
		{6AB4A21D-6E54-4543-A05B-21A4F6B3EE86}.Release|iPhone.Build.0 = Release|Any CPU
		{3E3CBABC-7EB4-4F5E-89AA-CCF1FAE42ADA}.Debug|Any CPU.ActiveCfg = Debug|Any CPU
		{3E3CBABC-7EB4-4F5E-89AA-CCF1FAE42ADA}.Debug|Any CPU.Build.0 = Debug|Any CPU
		{3E3CBABC-7EB4-4F5E-89AA-CCF1FAE42ADA}.Release|Any CPU.ActiveCfg = Release|Any CPU
		{3E3CBABC-7EB4-4F5E-89AA-CCF1FAE42ADA}.Release|Any CPU.Build.0 = Release|Any CPU
		{3E3CBABC-7EB4-4F5E-89AA-CCF1FAE42ADA}.Debug|iPhoneSimulator.ActiveCfg = Debug|Any CPU
		{3E3CBABC-7EB4-4F5E-89AA-CCF1FAE42ADA}.Debug|iPhoneSimulator.Build.0 = Debug|Any CPU
		{3E3CBABC-7EB4-4F5E-89AA-CCF1FAE42ADA}.Release|iPhoneSimulator.ActiveCfg = Release|Any CPU
		{3E3CBABC-7EB4-4F5E-89AA-CCF1FAE42ADA}.Release|iPhoneSimulator.Build.0 = Release|Any CPU
		{3E3CBABC-7EB4-4F5E-89AA-CCF1FAE42ADA}.Debug|iPhone.ActiveCfg = Debug|Any CPU
		{3E3CBABC-7EB4-4F5E-89AA-CCF1FAE42ADA}.Debug|iPhone.Build.0 = Debug|Any CPU
		{3E3CBABC-7EB4-4F5E-89AA-CCF1FAE42ADA}.Release|iPhone.ActiveCfg = Release|Any CPU
		{3E3CBABC-7EB4-4F5E-89AA-CCF1FAE42ADA}.Release|iPhone.Build.0 = Release|Any CPU
	EndGlobalSection
EndGlobal
